// !$*UTF8*$!
{
	archiveVersion = 1;
	classes = {
	};
	objectVersion = 48;
	objects = {

/* Begin PBXBuildFile section */
		579F836A1FE5B5B90063750D /* Explosion.sks in Resources */ = {isa = PBXBuildFile; fileRef = 579F83691FE5B5B90063750D /* Explosion.sks */; };
		57DC7C791FE281B200B631C7 /* AppDelegate.swift in Sources */ = {isa = PBXBuildFile; fileRef = 57DC7C781FE281B200B631C7 /* AppDelegate.swift */; };
		57DC7C7B1FE281B200B631C7 /* GameScene.sks in Resources */ = {isa = PBXBuildFile; fileRef = 57DC7C7A1FE281B200B631C7 /* GameScene.sks */; };
		57DC7C7D1FE281B200B631C7 /* Actions.sks in Resources */ = {isa = PBXBuildFile; fileRef = 57DC7C7C1FE281B200B631C7 /* Actions.sks */; };
		57DC7C7F1FE281B200B631C7 /* GameScene.swift in Sources */ = {isa = PBXBuildFile; fileRef = 57DC7C7E1FE281B200B631C7 /* GameScene.swift */; };
		57DC7C811FE281B200B631C7 /* GameViewController.swift in Sources */ = {isa = PBXBuildFile; fileRef = 57DC7C801FE281B200B631C7 /* GameViewController.swift */; };
		57DC7C841FE281B200B631C7 /* Main.storyboard in Resources */ = {isa = PBXBuildFile; fileRef = 57DC7C821FE281B200B631C7 /* Main.storyboard */; };
		57DC7C861FE281B200B631C7 /* Assets.xcassets in Resources */ = {isa = PBXBuildFile; fileRef = 57DC7C851FE281B200B631C7 /* Assets.xcassets */; };
		57DC7C891FE281B200B631C7 /* LaunchScreen.storyboard in Resources */ = {isa = PBXBuildFile; fileRef = 57DC7C871FE281B200B631C7 /* LaunchScreen.storyboard */; };
/* End PBXBuildFile section */

/* Begin PBXFileReference section */
		579F83691FE5B5B90063750D /* Explosion.sks */ = {isa = PBXFileReference; lastKnownFileType = file.sks; path = Explosion.sks; sourceTree = "<group>"; };
		57DC7C751FE281B200B631C7 /* shooting-game.app */ = {isa = PBXFileReference; explicitFileType = wrapper.application; includeInIndex = 0; path = "shooting-game.app"; sourceTree = BUILT_PRODUCTS_DIR; };
		57DC7C781FE281B200B631C7 /* AppDelegate.swift */ = {isa = PBXFileReference; lastKnownFileType = sourcecode.swift; path = AppDelegate.swift; sourceTree = "<group>"; };
		57DC7C7A1FE281B200B631C7 /* GameScene.sks */ = {isa = PBXFileReference; lastKnownFileType = file.sks; path = GameScene.sks; sourceTree = "<group>"; };
		57DC7C7C1FE281B200B631C7 /* Actions.sks */ = {isa = PBXFileReference; lastKnownFileType = file.sks; path = Actions.sks; sourceTree = "<group>"; };
		57DC7C7E1FE281B200B631C7 /* GameScene.swift */ = {isa = PBXFileReference; lastKnownFileType = sourcecode.swift; path = GameScene.swift; sourceTree = "<group>"; };
		57DC7C801FE281B200B631C7 /* GameViewController.swift */ = {isa = PBXFileReference; lastKnownFileType = sourcecode.swift; path = GameViewController.swift; sourceTree = "<group>"; };
		57DC7C831FE281B200B631C7 /* Base */ = {isa = PBXFileReference; lastKnownFileType = file.storyboard; name = Base; path = Base.lproj/Main.storyboard; sourceTree = "<group>"; };
		57DC7C851FE281B200B631C7 /* Assets.xcassets */ = {isa = PBXFileReference; lastKnownFileType = folder.assetcatalog; path = Assets.xcassets; sourceTree = "<group>"; };
		57DC7C881FE281B200B631C7 /* Base */ = {isa = PBXFileReference; lastKnownFileType = file.storyboard; name = Base; path = Base.lproj/LaunchScreen.storyboard; sourceTree = "<group>"; };
		57DC7C8A1FE281B200B631C7 /* Info.plist */ = {isa = PBXFileReference; lastKnownFileType = text.plist.xml; path = Info.plist; sourceTree = "<group>"; };
/* End PBXFileReference section */

/* Begin PBXFrameworksBuildPhase section */
		57DC7C721FE281B200B631C7 /* Frameworks */ = {
			isa = PBXFrameworksBuildPhase;
			buildActionMask = 2147483647;
			files = (
			);
			runOnlyForDeploymentPostprocessing = 0;
		};
/* End PBXFrameworksBuildPhase section */

/* Begin PBXGroup section */
		57DC7C6C1FE281B200B631C7 = {
			isa = PBXGroup;
			children = (
				57DC7C771FE281B200B631C7 /* shooting-game */,
				57DC7C761FE281B200B631C7 /* Products */,
			);
			sourceTree = "<group>";
		};
		57DC7C761FE281B200B631C7 /* Products */ = {
			isa = PBXGroup;
			children = (
				57DC7C751FE281B200B631C7 /* shooting-game.app */,
			);
			name = Products;
			sourceTree = "<group>";
		};
		57DC7C771FE281B200B631C7 /* shooting-game */ = {
			isa = PBXGroup;
			children = (
				57DC7C781FE281B200B631C7 /* AppDelegate.swift */,
				57DC7C7A1FE281B200B631C7 /* GameScene.sks */,
				57DC7C7C1FE281B200B631C7 /* Actions.sks */,
				57DC7C7E1FE281B200B631C7 /* GameScene.swift */,
				57DC7C801FE281B200B631C7 /* GameViewController.swift */,
				57DC7C821FE281B200B631C7 /* Main.storyboard */,
				57DC7C851FE281B200B631C7 /* Assets.xcassets */,
				57DC7C871FE281B200B631C7 /* LaunchScreen.storyboard */,
				57DC7C8A1FE281B200B631C7 /* Info.plist */,
				579F83691FE5B5B90063750D /* Explosion.sks */,
			);
			path = "shooting-game";
			sourceTree = "<group>";
		};
/* End PBXGroup section */

/* Begin PBXNativeTarget section */
		57DC7C741FE281B200B631C7 /* shooting-game */ = {
			isa = PBXNativeTarget;
			buildConfigurationList = 57DC7C8D1FE281B200B631C7 /* Build configuration list for PBXNativeTarget "shooting-game" */;
			buildPhases = (
				57DC7C711FE281B200B631C7 /* Sources */,
				57DC7C721FE281B200B631C7 /* Frameworks */,
				57DC7C731FE281B200B631C7 /* Resources */,
			);
			buildRules = (
			);
			dependencies = (
			);
			name = "shooting-game";
			productName = "shooting-game";
			productReference = 57DC7C751FE281B200B631C7 /* shooting-game.app */;
			productType = "com.apple.product-type.application";
		};
/* End PBXNativeTarget section */

/* Begin PBXProject section */
		57DC7C6D1FE281B200B631C7 /* Project object */ = {
			isa = PBXProject;
			attributes = {
				LastSwiftUpdateCheck = 0900;
				LastUpgradeCheck = 0900;
				ORGANIZATIONNAME = "Masaya Hayashi";
				TargetAttributes = {
					57DC7C741FE281B200B631C7 = {
						CreatedOnToolsVersion = 9.0.1;
						ProvisioningStyle = Automatic;
					};
				};
			};
			buildConfigurationList = 57DC7C701FE281B200B631C7 /* Build configuration list for PBXProject "shooting-game" */;
			compatibilityVersion = "Xcode 8.0";
			developmentRegion = en;
			hasScannedForEncodings = 0;
			knownRegions = (
				en,
				Base,
			);
			mainGroup = 57DC7C6C1FE281B200B631C7;
			productRefGroup = 57DC7C761FE281B200B631C7 /* Products */;
			projectDirPath = "";
			projectRoot = "";
			targets = (
				57DC7C741FE281B200B631C7 /* shooting-game */,
			);
		};
/* End PBXProject section */

/* Begin PBXResourcesBuildPhase section */
		57DC7C731FE281B200B631C7 /* Resources */ = {
			isa = PBXResourcesBuildPhase;
			buildActionMask = 2147483647;
			files = (
				57DC7C841FE281B200B631C7 /* Main.storyboard in Resources */,
				57DC7C7B1FE281B200B631C7 /* GameScene.sks in Resources */,
				57DC7C861FE281B200B631C7 /* Assets.xcassets in Resources */,
				57DC7C891FE281B200B631C7 /* LaunchScreen.storyboard in Resources */,
				57DC7C7D1FE281B200B631C7 /* Actions.sks in Resources */,
				579F836A1FE5B5B90063750D /* Explosion.sks in Resources */,
			);
			runOnlyForDeploymentPostprocessing = 0;
		};
/* End PBXResourcesBuildPhase section */

/* Begin PBXSourcesBuildPhase section */
		57DC7C711FE281B200B631C7 /* Sources */ = {
			isa = PBXSourcesBuildPhase;
			buildActionMask = 2147483647;
			files = (
				57DC7C7F1FE281B200B631C7 /* GameScene.swift in Sources */,
				57DC7C811FE281B200B631C7 /* GameViewController.swift in Sources */,
				57DC7C791FE281B200B631C7 /* AppDelegate.swift in Sources */,
			);
			runOnlyForDeploymentPostprocessing = 0;
		};
/* End PBXSourcesBuildPhase section */

/* Begin PBXVariantGroup section */
		57DC7C821FE281B200B631C7 /* Main.storyboard */ = {
			isa = PBXVariantGroup;
			children = (
				57DC7C831FE281B200B631C7 /* Base */,
			);
			name = Main.storyboard;
			sourceTree = "<group>";
		};
		57DC7C871FE281B200B631C7 /* LaunchScreen.storyboard */ = {
			isa = PBXVariantGroup;
			children = (
				57DC7C881FE281B200B631C7 /* Base */,
			);
			name = LaunchScreen.storyboard;
			sourceTree = "<group>";
		};
/* End PBXVariantGroup section */

/* Begin XCBuildConfiguration section */
		57DC7C8B1FE281B200B631C7 /* Debug */ = {
			isa = XCBuildConfiguration;
			buildSettings = {
				ALWAYS_SEARCH_USER_PATHS = NO;
				CLANG_ANALYZER_NONNULL = YES;
				CLANG_ANALYZER_NUMBER_OBJECT_CONVERSION = YES_AGGRESSIVE;
				CLANG_CXX_LANGUAGE_STANDARD = "gnu++14";
				CLANG_CXX_LIBRARY = "libc++";
				CLANG_ENABLE_MODULES = YES;
				CLANG_ENABLE_OBJC_ARC = YES;
				CLANG_WARN_BLOCK_CAPTURE_AUTORELEASING = YES;
				CLANG_WARN_BOOL_CONVERSION = YES;
				CLANG_WARN_COMMA = YES;
				CLANG_WARN_CONSTANT_CONVERSION = YES;
				CLANG_WARN_DIRECT_OBJC_ISA_USAGE = YES_ERROR;
				CLANG_WARN_DOCUMENTATION_COMMENTS = YES;
				CLANG_WARN_EMPTY_BODY = YES;
				CLANG_WARN_ENUM_CONVERSION = YES;
				CLANG_WARN_INFINITE_RECURSION = YES;
				CLANG_WARN_INT_CONVERSION = YES;
				CLANG_WARN_NON_LITERAL_NULL_CONVERSION = YES;
				CLANG_WARN_OBJC_LITERAL_CONVERSION = YES;
				CLANG_WARN_OBJC_ROOT_CLASS = YES_ERROR;
				CLANG_WARN_RANGE_LOOP_ANALYSIS = YES;
				CLANG_WARN_STRICT_PROTOTYPES = YES;
				CLANG_WARN_SUSPICIOUS_MOVE = YES;
				CLANG_WARN_UNGUARDED_AVAILABILITY = YES_AGGRESSIVE;
				CLANG_WARN_UNREACHABLE_CODE = YES;
				CLANG_WARN__DUPLICATE_METHOD_MATCH = YES;
				CODE_SIGN_IDENTITY = "iPhone Developer";
				COPY_PHASE_STRIP = NO;
				DEBUG_INFORMATION_FORMAT = dwarf;
				ENABLE_STRICT_OBJC_MSGSEND = YES;
				ENABLE_TESTABILITY = YES;
				GCC_C_LANGUAGE_STANDARD = gnu11;
				GCC_DYNAMIC_NO_PIC = NO;
				GCC_NO_COMMON_BLOCKS = YES;
				GCC_OPTIMIZATION_LEVEL = 0;
				GCC_PREPROCESSOR_DEFINITIONS = (
					"DEBUG=1",
					"$(inherited)",
				);
				GCC_WARN_64_TO_32_BIT_CONVERSION = YES;
				GCC_WARN_ABOUT_RETURN_TYPE = YES_ERROR;
				GCC_WARN_UNDECLARED_SELECTOR = YES;
				GCC_WARN_UNINITIALIZED_AUTOS = YES_AGGRESSIVE;
				GCC_WARN_UNUSED_FUNCTION = YES;
				GCC_WARN_UNUSED_VARIABLE = YES;
				IPHONEOS_DEPLOYMENT_TARGET = 11.0;
				MTL_ENABLE_DEBUG_INFO = YES;
				ONLY_ACTIVE_ARCH = YES;
				SDKROOT = iphoneos;
				SWIFT_ACTIVE_COMPILATION_CONDITIONS = DEBUG;
				SWIFT_OPTIMIZATION_LEVEL = "-Onone";
			};
			name = Debug;
		};
		57DC7C8C1FE281B200B631C7 /* Release */ = {
			isa = XCBuildConfiguration;
			buildSettings = {
				ALWAYS_SEARCH_USER_PATHS = NO;
				CLANG_ANALYZER_NONNULL = YES;
				CLANG_ANALYZER_NUMBER_OBJECT_CONVERSION = YES_AGGRESSIVE;
				CLANG_CXX_LANGUAGE_STANDARD = "gnu++14";
				CLANG_CXX_LIBRARY = "libc++";
				CLANG_ENABLE_MODULES = YES;
				CLANG_ENABLE_OBJC_ARC = YES;
				CLANG_WARN_BLOCK_CAPTURE_AUTORELEASING = YES;
				CLANG_WARN_BOOL_CONVERSION = YES;
				CLANG_WARN_COMMA = YES;
				CLANG_WARN_CONSTANT_CONVERSION = YES;
				CLANG_WARN_DIRECT_OBJC_ISA_USAGE = YES_ERROR;
				CLANG_WARN_DOCUMENTATION_COMMENTS = YES;
				CLANG_WARN_EMPTY_BODY = YES;
				CLANG_WARN_ENUM_CONVERSION = YES;
				CLANG_WARN_INFINITE_RECURSION = YES;
				CLANG_WARN_INT_CONVERSION = YES;
				CLANG_WARN_NON_LITERAL_NULL_CONVERSION = YES;
				CLANG_WARN_OBJC_LITERAL_CONVERSION = YES;
				CLANG_WARN_OBJC_ROOT_CLASS = YES_ERROR;
				CLANG_WARN_RANGE_LOOP_ANALYSIS = YES;
				CLANG_WARN_STRICT_PROTOTYPES = YES;
				CLANG_WARN_SUSPICIOUS_MOVE = YES;
				CLANG_WARN_UNGUARDED_AVAILABILITY = YES_AGGRESSIVE;
				CLANG_WARN_UNREACHABLE_CODE = YES;
				CLANG_WARN__DUPLICATE_METHOD_MATCH = YES;
				CODE_SIGN_IDENTITY = "iPhone Developer";
				COPY_PHASE_STRIP = NO;
				DEBUG_INFORMATION_FORMAT = "dwarf-with-dsym";
				ENABLE_NS_ASSERTIONS = NO;
				ENABLE_STRICT_OBJC_MSGSEND = YES;
				GCC_C_LANGUAGE_STANDARD = gnu11;
				GCC_NO_COMMON_BLOCKS = YES;
				GCC_WARN_64_TO_32_BIT_CONVERSION = YES;
				GCC_WARN_ABOUT_RETURN_TYPE = YES_ERROR;
				GCC_WARN_UNDECLARED_SELECTOR = YES;
				GCC_WARN_UNINITIALIZED_AUTOS = YES_AGGRESSIVE;
				GCC_WARN_UNUSED_FUNCTION = YES;
				GCC_WARN_UNUSED_VARIABLE = YES;
				IPHONEOS_DEPLOYMENT_TARGET = 11.0;
				MTL_ENABLE_DEBUG_INFO = NO;
				SDKROOT = iphoneos;
				SWIFT_OPTIMIZATION_LEVEL = "-Owholemodule";
				VALIDATE_PRODUCT = YES;
			};
			name = Release;
		};
		57DC7C8E1FE281B200B631C7 /* Debug */ = {
			isa = XCBuildConfiguration;
			buildSettings = {
				ASSETCATALOG_COMPILER_APPICON_NAME = AppIcon;
				CODE_SIGN_STYLE = Automatic;
				DEVELOPMENT_TEAM = L9A82E54U5;
				INFOPLIST_FILE = "shooting-game/Info.plist";
				LD_RUNPATH_SEARCH_PATHS = "$(inherited) @executable_path/Frameworks";
				PRODUCT_BUNDLE_IDENTIFIER = "com.masayahayashi.shooting-game";
				PRODUCT_NAME = "$(TARGET_NAME)";
				SWIFT_VERSION = 4.0;
				TARGETED_DEVICE_FAMILY = "1,2";
			};
			name = Debug;
		};
		57DC7C8F1FE281B200B631C7 /* Release */ = {
			isa = XCBuildConfiguration;
			buildSettings = {
				ASSETCATALOG_COMPILER_APPICON_NAME = AppIcon;
				CODE_SIGN_STYLE = Automatic;
				DEVELOPMENT_TEAM = L9A82E54U5;
				INFOPLIST_FILE = "shooting-game/Info.plist";
				LD_RUNPATH_SEARCH_PATHS = "$(inherited) @executable_path/Frameworks";
				PRODUCT_BUNDLE_IDENTIFIER = "com.masayahayashi.shooting-game";
				PRODUCT_NAME = "$(TARGET_NAME)";
				SWIFT_VERSION = 4.0;
				TARGETED_DEVICE_FAMILY = "1,2";
			};
			name = Release;
		};
/* End XCBuildConfiguration section */

/* Begin XCConfigurationList section */
		57DC7C701FE281B200B631C7 /* Build configuration list for PBXProject "shooting-game" */ = {
			isa = XCConfigurationList;
			buildConfigurations = (
				57DC7C8B1FE281B200B631C7 /* Debug */,
				57DC7C8C1FE281B200B631C7 /* Release */,
			);
			defaultConfigurationIsVisible = 0;
			defaultConfigurationName = Release;
		};
		57DC7C8D1FE281B200B631C7 /* Build configuration list for PBXNativeTarget "shooting-game" */ = {
			isa = XCConfigurationList;
			buildConfigurations = (
				57DC7C8E1FE281B200B631C7 /* Debug */,
				57DC7C8F1FE281B200B631C7 /* Release */,
			);
			defaultConfigurationIsVisible = 0;
			defaultConfigurationName = Release;
		};
/* End XCConfigurationList section */
	};
	rootObject = 57DC7C6D1FE281B200B631C7 /* Project object */;
}
